
Microsoft Visual Studio Solution File, Format Version 12.00
# Visual Studio 15
VisualStudioVersion = 15.0.27130.2010
MinimumVisualStudioVersion = 10.0.40219.1
Project("{FAE04EC0-301F-11D3-BF4B-00C04F79EFBC}") = "SportyDesktop", "SportyDesktop\SportyDesktop.csproj", "{14692E7C-4AB0-4C6A-B955-D854167C2314}"
EndProject
Project("{FAE04EC0-301F-11D3-BF4B-00C04F79EFBC}") = "Repository", "Repository\Repository.csproj", "{93EFEBFE-7997-4173-B7EA-74A9EE29A371}"
EndProject
Project("{FAE04EC0-301F-11D3-BF4B-00C04F79EFBC}") = "Models", "Models\Models.csproj", "{2AE22844-81D3-4664-8F7A-BCB027C5C3C9}"
EndProject
Global
	GlobalSection(SolutionConfigurationPlatforms) = preSolution
		Debug|Any CPU = Debug|Any CPU
		Release|Any CPU = Release|Any CPU
	EndGlobalSection
	GlobalSection(ProjectConfigurationPlatforms) = postSolution
		{14692E7C-4AB0-4C6A-B955-D854167C2314}.Debug|Any CPU.ActiveCfg = Debug|Any CPU
		{14692E7C-4AB0-4C6A-B955-D854167C2314}.Debug|Any CPU.Build.0 = Debug|Any CPU
		{14692E7C-4AB0-4C6A-B955-D854167C2314}.Release|Any CPU.ActiveCfg = Release|Any CPU
		{14692E7C-4AB0-4C6A-B955-D854167C2314}.Release|Any CPU.Build.0 = Release|Any CPU
		{93EFEBFE-7997-4173-B7EA-74A9EE29A371}.Debug|Any CPU.ActiveCfg = Debug|Any CPU
		{93EFEBFE-7997-4173-B7EA-74A9EE29A371}.Debug|Any CPU.Build.0 = Debug|Any CPU
		{93EFEBFE-7997-4173-B7EA-74A9EE29A371}.Release|Any CPU.ActiveCfg = Release|Any CPU
		{93EFEBFE-7997-4173-B7EA-74A9EE29A371}.Release|Any CPU.Build.0 = Release|Any CPU
		{2AE22844-81D3-4664-8F7A-BCB027C5C3C9}.Debug|Any CPU.ActiveCfg = Debug|Any CPU
		{2AE22844-81D3-4664-8F7A-BCB027C5C3C9}.Debug|Any CPU.Build.0 = Debug|Any CPU
		{2AE22844-81D3-4664-8F7A-BCB027C5C3C9}.Release|Any CPU.ActiveCfg = Release|Any CPU
		{2AE22844-81D3-4664-8F7A-BCB027C5C3C9}.Release|Any CPU.Build.0 = Release|Any CPU
	EndGlobalSection
	GlobalSection(SolutionProperties) = preSolution
		HideSolutionNode = FALSE
	EndGlobalSection
	GlobalSection(ExtensibilityGlobals) = postSolution
		SolutionGuid = {DFC2D3E3-2E85-4D57-BA43-4B0C8C68203D}
	EndGlobalSection
EndGlobal
